
Microsoft Visual Studio Solution File, Format Version 12.00
# Visual Studio Version 16
VisualStudioVersion = 16.0.30204.135
MinimumVisualStudioVersion = 10.0.40219.1
Project("{FAE04EC0-301F-11D3-BF4B-00C04F79EFBC}") = "MyCalc", "MyCalc\MyCalc.csproj", "{3B2BB0AE-03F5-42F9-9F00-1D2B1319F922}"
EndProject
Global
	GlobalSection(SolutionConfigurationPlatforms) = preSolution
		Debug|Any CPU = Debug|Any CPU
		Release|Any CPU = Release|Any CPU
	EndGlobalSection
	GlobalSection(ProjectConfigurationPlatforms) = postSolution
		{3B2BB0AE-03F5-42F9-9F00-1D2B1319F922}.Debug|Any CPU.ActiveCfg = Debug|Any CPU
		{3B2BB0AE-03F5-42F9-9F00-1D2B1319F922}.Debug|Any CPU.Build.0 = Debug|Any CPU
		{3B2BB0AE-03F5-42F9-9F00-1D2B1319F922}.Release|Any CPU.ActiveCfg = Release|Any CPU
		{3B2BB0AE-03F5-42F9-9F00-1D2B1319F922}.Release|Any CPU.Build.0 = Release|Any CPU
	EndGlobalSection
	GlobalSection(SolutionProperties) = preSolution
		HideSolutionNode = FALSE
	EndGlobalSection
	GlobalSection(ExtensibilityGlobals) = postSolution
		SolutionGuid = {69694A46-F3DD-4D5B-AC04-3B7B4ECD369A}
	EndGlobalSection
EndGlobal
